
Microsoft Visual Studio Solution File, Format Version 12.00
# Visual Studio Version 16
VisualStudioVersion = 16.0.31005.135
MinimumVisualStudioVersion = 10.0.40219.1
Project("{FAE04EC0-301F-11D3-BF4B-00C04F79EFBC}") = "MyInventory", "MyInventory.csproj", "{36A3EC2E-FD37-4E8E-B15E-E1A9A3810B02}"
EndProject
Global
	GlobalSection(SolutionConfigurationPlatforms) = preSolution
		Debug|Any CPU = Debug|Any CPU
		Release|Any CPU = Release|Any CPU
	EndGlobalSection
	GlobalSection(ProjectConfigurationPlatforms) = postSolution
		{36A3EC2E-FD37-4E8E-B15E-E1A9A3810B02}.Debug|Any CPU.ActiveCfg = Debug|Any CPU
		{36A3EC2E-FD37-4E8E-B15E-E1A9A3810B02}.Debug|Any CPU.Build.0 = Debug|Any CPU
		{36A3EC2E-FD37-4E8E-B15E-E1A9A3810B02}.Release|Any CPU.ActiveCfg = Release|Any CPU
		{36A3EC2E-FD37-4E8E-B15E-E1A9A3810B02}.Release|Any CPU.Build.0 = Release|Any CPU
	EndGlobalSection
	GlobalSection(SolutionProperties) = preSolution
		HideSolutionNode = FALSE
	EndGlobalSection
	GlobalSection(ExtensibilityGlobals) = postSolution
		SolutionGuid = {87661B37-E1AC-4BA3-8C1F-D4B6F34C616B}
	EndGlobalSection
EndGlobal
